
Microsoft Visual Studio Solution File, Format Version 12.00
# Visual Studio Version 16
VisualStudioVersion = 16.0.32106.194
MinimumVisualStudioVersion = 10.0.40219.1
Project("{8BC9CEB8-8B4A-11D0-8D11-00A0C91BC942}") = "task_1", "task_1\task_1.vcxproj", "{321C6CC9-D7A1-43AA-9546-641B7829D2CD}"
EndProject
Project("{8BC9CEB8-8B4A-11D0-8D11-00A0C91BC942}") = "Lab_1_11", "Lab_1_11\Lab_1_11.vcxproj", "{A53A0A1E-6BAA-4C86-A893-B33806F668AF}"
EndProject
Project("{8BC9CEB8-8B4A-11D0-8D11-00A0C91BC942}") = "Lab_1_9", "Lab_1_9\Lab_1_9.vcxproj", "{EC451859-F05A-42D5-91CE-3DCA0E4FD20C}"
EndProject
Project("{8BC9CEB8-8B4A-11D0-8D11-00A0C91BC942}") = "task_2", "task_2\task_2.vcxproj", "{BE72F9F5-144F-4122-8B50-789CADA33DFB}"
EndProject
Project("{8BC9CEB8-8B4A-11D0-8D11-00A0C91BC942}") = "Lab_2_7", "Lab_2_7\Lab_2_7.vcxproj", "{C178C537-C793-4B16-ACA2-29AAEFC95307}"
EndProject
Project("{8BC9CEB8-8B4A-11D0-8D11-00A0C91BC942}") = "Lab_1_15", "Lab_1_15\Lab_1_15.vcxproj", "{25965A23-B4F2-4BB2-85E5-F92566EAEFF4}"
EndProject
Project("{8BC9CEB8-8B4A-11D0-8D11-00A0C91BC942}") = "Lab_2__7", "Lab_2__7\Lab_2__7.vcxproj", "{717C6F31-AFF4-4813-AAE4-FBFCC7AAE2D8}"
EndProject
Project("{8BC9CEB8-8B4A-11D0-8D11-00A0C91BC942}") = "task_3", "task_3\task_3.vcxproj", "{4F4BCAAA-48F8-4327-A70B-275019335CFF}"
EndProject
Project("{8BC9CEB8-8B4A-11D0-8D11-00A0C91BC942}") = "Lab_2_6", "Lab_2_6\Lab_2_6.vcxproj", "{3B6E98F6-C134-49C1-8A46-2DFB1D9E45EE}"
EndProject
Project("{8BC9CEB8-8B4A-11D0-8D11-00A0C91BC942}") = "Lab_3_9", "Lab_3_9\Lab_3_9.vcxproj", "{8746E5BE-9458-4106-BF17-7276A7B501B7}"
EndProject
Project("{8BC9CEB8-8B4A-11D0-8D11-00A0C91BC942}") = "Lab_2_15", "Lab_2_15\Lab_2_15.vcxproj", "{E9AE9222-AFB7-4728-A2AA-712AEE381596}"
EndProject
Project("{8BC9CEB8-8B4A-11D0-8D11-00A0C91BC942}") = "Lab_2_16", "Lab_2_16\Lab_2_16.vcxproj", "{7CB7EB2D-BBF2-4D83-87B7-35D98020D409}"
EndProject
Project("{8BC9CEB8-8B4A-11D0-8D11-00A0C91BC942}") = "task_4", "task_4\task_4.vcxproj", "{7C830EB8-B1E1-4D31-B248-952C293B0C08}"
EndProject
Global
	GlobalSection(SolutionConfigurationPlatforms) = preSolution
		Debug|x64 = Debug|x64
		Debug|x86 = Debug|x86
		Release|x64 = Release|x64
		Release|x86 = Release|x86
	EndGlobalSection
	GlobalSection(ProjectConfigurationPlatforms) = postSolution
		{321C6CC9-D7A1-43AA-9546-641B7829D2CD}.Debug|x64.ActiveCfg = Debug|x64
		{321C6CC9-D7A1-43AA-9546-641B7829D2CD}.Debug|x64.Build.0 = Debug|x64
		{321C6CC9-D7A1-43AA-9546-641B7829D2CD}.Debug|x86.ActiveCfg = Debug|Win32
		{321C6CC9-D7A1-43AA-9546-641B7829D2CD}.Debug|x86.Build.0 = Debug|Win32
		{321C6CC9-D7A1-43AA-9546-641B7829D2CD}.Release|x64.ActiveCfg = Release|x64
		{321C6CC9-D7A1-43AA-9546-641B7829D2CD}.Release|x64.Build.0 = Release|x64
		{321C6CC9-D7A1-43AA-9546-641B7829D2CD}.Release|x86.ActiveCfg = Release|Win32
		{321C6CC9-D7A1-43AA-9546-641B7829D2CD}.Release|x86.Build.0 = Release|Win32
		{A53A0A1E-6BAA-4C86-A893-B33806F668AF}.Debug|x64.ActiveCfg = Debug|x64
		{A53A0A1E-6BAA-4C86-A893-B33806F668AF}.Debug|x64.Build.0 = Debug|x64
		{A53A0A1E-6BAA-4C86-A893-B33806F668AF}.Debug|x86.ActiveCfg = Debug|Win32
		{A53A0A1E-6BAA-4C86-A893-B33806F668AF}.Debug|x86.Build.0 = Debug|Win32
		{A53A0A1E-6BAA-4C86-A893-B33806F668AF}.Release|x64.ActiveCfg = Release|x64
		{A53A0A1E-6BAA-4C86-A893-B33806F668AF}.Release|x64.Build.0 = Release|x64
		{A53A0A1E-6BAA-4C86-A893-B33806F668AF}.Release|x86.ActiveCfg = Release|Win32
		{A53A0A1E-6BAA-4C86-A893-B33806F668AF}.Release|x86.Build.0 = Release|Win32
		{EC451859-F05A-42D5-91CE-3DCA0E4FD20C}.Debug|x64.ActiveCfg = Debug|x64
		{EC451859-F05A-42D5-91CE-3DCA0E4FD20C}.Debug|x64.Build.0 = Debug|x64
		{EC451859-F05A-42D5-91CE-3DCA0E4FD20C}.Debug|x86.ActiveCfg = Debug|Win32
		{EC451859-F05A-42D5-91CE-3DCA0E4FD20C}.Debug|x86.Build.0 = Debug|Win32
		{EC451859-F05A-42D5-91CE-3DCA0E4FD20C}.Release|x64.ActiveCfg = Release|x64
		{EC451859-F05A-42D5-91CE-3DCA0E4FD20C}.Release|x64.Build.0 = Release|x64
		{EC451859-F05A-42D5-91CE-3DCA0E4FD20C}.Release|x86.ActiveCfg = Release|Win32
		{EC451859-F05A-42D5-91CE-3DCA0E4FD20C}.Release|x86.Build.0 = Release|Win32
		{BE72F9F5-144F-4122-8B50-789CADA33DFB}.Debug|x64.ActiveCfg = Debug|x64
		{BE72F9F5-144F-4122-8B50-789CADA33DFB}.Debug|x64.Build.0 = Debug|x64
		{BE72F9F5-144F-4122-8B50-789CADA33DFB}.Debug|x86.ActiveCfg = Debug|Win32
		{BE72F9F5-144F-4122-8B50-789CADA33DFB}.Debug|x86.Build.0 = Debug|Win32
		{BE72F9F5-144F-4122-8B50-789CADA33DFB}.Release|x64.ActiveCfg = Release|x64
		{BE72F9F5-144F-4122-8B50-789CADA33DFB}.Release|x64.Build.0 = Release|x64
		{BE72F9F5-144F-4122-8B50-789CADA33DFB}.Release|x86.ActiveCfg = Release|Win32
		{BE72F9F5-144F-4122-8B50-789CADA33DFB}.Release|x86.Build.0 = Release|Win32
		{C178C537-C793-4B16-ACA2-29AAEFC95307}.Debug|x64.ActiveCfg = Debug|x64
		{C178C537-C793-4B16-ACA2-29AAEFC95307}.Debug|x64.Build.0 = Debug|x64
		{C178C537-C793-4B16-ACA2-29AAEFC95307}.Debug|x86.ActiveCfg = Debug|Win32
		{C178C537-C793-4B16-ACA2-29AAEFC95307}.Debug|x86.Build.0 = Debug|Win32
		{C178C537-C793-4B16-ACA2-29AAEFC95307}.Release|x64.ActiveCfg = Release|x64
		{C178C537-C793-4B16-ACA2-29AAEFC95307}.Release|x64.Build.0 = Release|x64
		{C178C537-C793-4B16-ACA2-29AAEFC95307}.Release|x86.ActiveCfg = Release|Win32
		{C178C537-C793-4B16-ACA2-29AAEFC95307}.Release|x86.Build.0 = Release|Win32
		{25965A23-B4F2-4BB2-85E5-F92566EAEFF4}.Debug|x64.ActiveCfg = Debug|x64
		{25965A23-B4F2-4BB2-85E5-F92566EAEFF4}.Debug|x64.Build.0 = Debug|x64
		{25965A23-B4F2-4BB2-85E5-F92566EAEFF4}.Debug|x86.ActiveCfg = Debug|Win32
		{25965A23-B4F2-4BB2-85E5-F92566EAEFF4}.Debug|x86.Build.0 = Debug|Win32
		{25965A23-B4F2-4BB2-85E5-F92566EAEFF4}.Release|x64.ActiveCfg = Release|x64
		{25965A23-B4F2-4BB2-85E5-F92566EAEFF4}.Release|x64.Build.0 = Release|x64
		{25965A23-B4F2-4BB2-85E5-F92566EAEFF4}.Release|x86.ActiveCfg = Release|Win32
		{25965A23-B4F2-4BB2-85E5-F92566EAEFF4}.Release|x86.Build.0 = Release|Win32
		{717C6F31-AFF4-4813-AAE4-FBFCC7AAE2D8}.Debug|x64.ActiveCfg = Debug|x64
		{717C6F31-AFF4-4813-AAE4-FBFCC7AAE2D8}.Debug|x64.Build.0 = Debug|x64
		{717C6F31-AFF4-4813-AAE4-FBFCC7AAE2D8}.Debug|x86.ActiveCfg = Debug|Win32
		{717C6F31-AFF4-4813-AAE4-FBFCC7AAE2D8}.Debug|x86.Build.0 = Debug|Win32
		{717C6F31-AFF4-4813-AAE4-FBFCC7AAE2D8}.Release|x64.ActiveCfg = Release|x64
		{717C6F31-AFF4-4813-AAE4-FBFCC7AAE2D8}.Release|x64.Build.0 = Release|x64
		{717C6F31-AFF4-4813-AAE4-FBFCC7AAE2D8}.Release|x86.ActiveCfg = Release|Win32
		{717C6F31-AFF4-4813-AAE4-FBFCC7AAE2D8}.Release|x86.Build.0 = Release|Win32
		{4F4BCAAA-48F8-4327-A70B-275019335CFF}.Debug|x64.ActiveCfg = Debug|x64
		{4F4BCAAA-48F8-4327-A70B-275019335CFF}.Debug|x64.Build.0 = Debug|x64
		{4F4BCAAA-48F8-4327-A70B-275019335CFF}.Debug|x86.ActiveCfg = Debug|Win32
		{4F4BCAAA-48F8-4327-A70B-275019335CFF}.Debug|x86.Build.0 = Debug|Win32
		{4F4BCAAA-48F8-4327-A70B-275019335CFF}.Release|x64.ActiveCfg = Release|x64
		{4F4BCAAA-48F8-4327-A70B-275019335CFF}.Release|x64.Build.0 = Release|x64
		{4F4BCAAA-48F8-4327-A70B-275019335CFF}.Release|x86.ActiveCfg = Release|Win32
		{4F4BCAAA-48F8-4327-A70B-275019335CFF}.Release|x86.Build.0 = Release|Win32
		{3B6E98F6-C134-49C1-8A46-2DFB1D9E45EE}.Debug|x64.ActiveCfg = Debug|x64
		{3B6E98F6-C134-49C1-8A46-2DFB1D9E45EE}.Debug|x64.Build.0 = Debug|x64
		{3B6E98F6-C134-49C1-8A46-2DFB1D9E45EE}.Debug|x86.ActiveCfg = Debug|Win32
		{3B6E98F6-C134-49C1-8A46-2DFB1D9E45EE}.Debug|x86.Build.0 = Debug|Win32
		{3B6E98F6-C134-49C1-8A46-2DFB1D9E45EE}.Release|x64.ActiveCfg = Release|x64
		{3B6E98F6-C134-49C1-8A46-2DFB1D9E45EE}.Release|x64.Build.0 = Release|x64
		{3B6E98F6-C134-49C1-8A46-2DFB1D9E45EE}.Release|x86.ActiveCfg = Release|Win32
		{3B6E98F6-C134-49C1-8A46-2DFB1D9E45EE}.Release|x86.Build.0 = Release|Win32
		{8746E5BE-9458-4106-BF17-7276A7B501B7}.Debug|x64.ActiveCfg = Debug|x64
		{8746E5BE-9458-4106-BF17-7276A7B501B7}.Debug|x64.Build.0 = Debug|x64
		{8746E5BE-9458-4106-BF17-7276A7B501B7}.Debug|x86.ActiveCfg = Debug|Win32
		{8746E5BE-9458-4106-BF17-7276A7B501B7}.Debug|x86.Build.0 = Debug|Win32
		{8746E5BE-9458-4106-BF17-7276A7B501B7}.Release|x64.ActiveCfg = Release|x64
		{8746E5BE-9458-4106-BF17-7276A7B501B7}.Release|x64.Build.0 = Release|x64
		{8746E5BE-9458-4106-BF17-7276A7B501B7}.Release|x86.ActiveCfg = Release|Win32
		{8746E5BE-9458-4106-BF17-7276A7B501B7}.Release|x86.Build.0 = Release|Win32
		{E9AE9222-AFB7-4728-A2AA-712AEE381596}.Debug|x64.ActiveCfg = Debug|x64
		{E9AE9222-AFB7-4728-A2AA-712AEE381596}.Debug|x64.Build.0 = Debug|x64
		{E9AE9222-AFB7-4728-A2AA-712AEE381596}.Debug|x86.ActiveCfg = Debug|Win32
		{E9AE9222-AFB7-4728-A2AA-712AEE381596}.Debug|x86.Build.0 = Debug|Win32
		{E9AE9222-AFB7-4728-A2AA-712AEE381596}.Release|x64.ActiveCfg = Release|x64
		{E9AE9222-AFB7-4728-A2AA-712AEE381596}.Release|x64.Build.0 = Release|x64
		{E9AE9222-AFB7-4728-A2AA-712AEE381596}.Release|x86.ActiveCfg = Release|Win32
		{E9AE9222-AFB7-4728-A2AA-712AEE381596}.Release|x86.Build.0 = Release|Win32
		{7CB7EB2D-BBF2-4D83-87B7-35D98020D409}.Debug|x64.ActiveCfg = Debug|x64
		{7CB7EB2D-BBF2-4D83-87B7-35D98020D409}.Debug|x64.Build.0 = Debug|x64
		{7CB7EB2D-BBF2-4D83-87B7-35D98020D409}.Debug|x86.ActiveCfg = Debug|Win32
		{7CB7EB2D-BBF2-4D83-87B7-35D98020D409}.Debug|x86.Build.0 = Debug|Win32
		{7CB7EB2D-BBF2-4D83-87B7-35D98020D409}.Release|x64.ActiveCfg = Release|x64
		{7CB7EB2D-BBF2-4D83-87B7-35D98020D409}.Release|x64.Build.0 = Release|x64
		{7CB7EB2D-BBF2-4D83-87B7-35D98020D409}.Release|x86.ActiveCfg = Release|Win32
		{7CB7EB2D-BBF2-4D83-87B7-35D98020D409}.Release|x86.Build.0 = Release|Win32
		{7C830EB8-B1E1-4D31-B248-952C293B0C08}.Debug|x64.ActiveCfg = Debug|x64
		{7C830EB8-B1E1-4D31-B248-952C293B0C08}.Debug|x64.Build.0 = Debug|x64
		{7C830EB8-B1E1-4D31-B248-952C293B0C08}.Debug|x86.ActiveCfg = Debug|Win32
		{7C830EB8-B1E1-4D31-B248-952C293B0C08}.Debug|x86.Build.0 = Debug|Win32
		{7C830EB8-B1E1-4D31-B248-952C293B0C08}.Release|x64.ActiveCfg = Release|x64
		{7C830EB8-B1E1-4D31-B248-952C293B0C08}.Release|x64.Build.0 = Release|x64
		{7C830EB8-B1E1-4D31-B248-952C293B0C08}.Release|x86.ActiveCfg = Release|Win32
		{7C830EB8-B1E1-4D31-B248-952C293B0C08}.Release|x86.Build.0 = Release|Win32
	EndGlobalSection
	GlobalSection(SolutionProperties) = preSolution
		HideSolutionNode = FALSE
	EndGlobalSection
	GlobalSection(ExtensibilityGlobals) = postSolution
		SolutionGuid = {0DC16490-5CF6-4661-913C-67B7BE951D0C}
	EndGlobalSection
EndGlobal
